{
  "version": 4,
  "terraform_version": "0.14.3",
  "serial": 15,
  "lineage": "7d202ea8-5505-f8bc-cc65-81fda20f27be",
  "outputs": {},
  "resources": [
    {
      "mode": "managed",
      "type": "google_storage_bucket",
      "name": "karaoke_songs",
      "provider": "provider[\"registry.terraform.io/hashicorp/google\"]",
      "instances": [
        {
          "schema_version": 0,
          "attributes": {
            "cors": [],
            "custom_placement_config": [],
            "default_event_based_hold": false,
            "encryption": [],
            "force_destroy": false,
            "id": "karaokemp-karaoke-songs",
            "labels": {},
            "lifecycle_rule": [],
            "location": "EUROPE-WEST3",
            "logging": [],
            "name": "karaokemp-karaoke-songs",
            "project": "karaokemp-website",
            "public_access_prevention": "inherited",
            "requester_pays": false,
            "retention_policy": [],
            "self_link": "https://www.googleapis.com/storage/v1/b/karaokemp-karaoke-songs",
            "storage_class": "STANDARD",
            "timeouts": null,
            "uniform_bucket_level_access": false,
            "url": "gs://karaokemp-karaoke-songs",
            "versioning": [],
            "website": []
          },
          "sensitive_attributes": []
        }
      ]
    },
    {
      "mode": "managed",
      "type": "google_storage_bucket_access_control",
      "name": "public_rule",
      "provider": "provider[\"registry.terraform.io/hashicorp/google\"]",
      "instances": [
        {
          "schema_version": 0,
          "attributes": {
            "bucket": "karaokemp-karaoke-songs",
            "domain": "",
            "email": "",
            "entity": "allUsers",
            "id": "karaokemp-karaoke-songs/allUsers",
            "role": "READER",
            "timeouts": null
          },
          "sensitive_attributes": []
        }
      ]
    }
  ]
}
